// !$*UTF8*$!
{
	archiveVersion = 1;
	classes = {
	};
	objectVersion = 48;
	objects = {

/* Begin PBXBuildFile section */
		090085C220AD3740003BF4A7 /* SplashViewController.m in Sources */ = {isa = PBXBuildFile; fileRef = 090085C020AD3740003BF4A7 /* SplashViewController.m */; };
		090085C520AD3763003BF4A7 /* LoginViewController.m in Sources */ = {isa = PBXBuildFile; fileRef = 090085C420AD3763003BF4A7 /* LoginViewController.m */; };
		090085DF20AD3822003BF4A7 /* BaseModel.m in Sources */ = {isa = PBXBuildFile; fileRef = 090085C920AD3822003BF4A7 /* BaseModel.m */; };
		090085E020AD3822003BF4A7 /* BaseNavigationViewController.m in Sources */ = {isa = PBXBuildFile; fileRef = 090085CB20AD3822003BF4A7 /* BaseNavigationViewController.m */; };
		090085E120AD3822003BF4A7 /* BaseSearchViewController.m in Sources */ = {isa = PBXBuildFile; fileRef = 090085CD20AD3822003BF4A7 /* BaseSearchViewController.m */; };
		090085E220AD3822003BF4A7 /* BaseTabBarController.m in Sources */ = {isa = PBXBuildFile; fileRef = 090085CF20AD3822003BF4A7 /* BaseTabBarController.m */; };
		090085E320AD3822003BF4A7 /* BaseViewController.m in Sources */ = {isa = PBXBuildFile; fileRef = 090085D120AD3822003BF4A7 /* BaseViewController.m */; };
		090085E420AD3822003BF4A7 /* WTSHttpTool.m in Sources */ = {isa = PBXBuildFile; fileRef = 090085D420AD3822003BF4A7 /* WTSHttpTool.m */; };
		090085E820AD39B2003BF4A7 /* WTSLog.m in Sources */ = {isa = PBXBuildFile; fileRef = 090085E720AD39B2003BF4A7 /* WTSLog.m */; };
		090085EB20AD3A86003BF4A7 /* Colours.m in Sources */ = {isa = PBXBuildFile; fileRef = 090085EA20AD3A86003BF4A7 /* Colours.m */; };
		090085F320AD3B01003BF4A7 /* UIScrollView+EmptyDataSet.m in Sources */ = {isa = PBXBuildFile; fileRef = 090085EF20AD3B01003BF4A7 /* UIScrollView+EmptyDataSet.m */; };
		090085F420AD3B01003BF4A7 /* CALayer+LayerColor.m in Sources */ = {isa = PBXBuildFile; fileRef = 090085F020AD3B01003BF4A7 /* CALayer+LayerColor.m */; };
		090085F520AD3B01003BF4A7 /* NullSafe.m in Sources */ = {isa = PBXBuildFile; fileRef = 090085F120AD3B01003BF4A7 /* NullSafe.m */; };
		090085F620AD3B01003BF4A7 /* NSDate+Util.m in Sources */ = {isa = PBXBuildFile; fileRef = 090085F220AD3B01003BF4A7 /* NSDate+Util.m */; };
		090085F920AD4284003BF4A7 /* HomeViewController.m in Sources */ = {isa = PBXBuildFile; fileRef = 090085F820AD4284003BF4A7 /* HomeViewController.m */; };
		090085FF20AD42A1003BF4A7 /* MessageViewController.m in Sources */ = {isa = PBXBuildFile; fileRef = 090085FE20AD42A1003BF4A7 /* MessageViewController.m */; };
		0900860220AD42AD003BF4A7 /* MineViewController.m in Sources */ = {isa = PBXBuildFile; fileRef = 0900860120AD42AD003BF4A7 /* MineViewController.m */; };
		0900862E20AD4AD7003BF4A7 /* LoginSelectViewController.m in Sources */ = {isa = PBXBuildFile; fileRef = 0900862D20AD4AD7003BF4A7 /* LoginSelectViewController.m */; };
		0900863120AD553C003BF4A7 /* LoginTextField.m in Sources */ = {isa = PBXBuildFile; fileRef = 0900863020AD553C003BF4A7 /* LoginTextField.m */; };
		0979D3DA20AD875D009E4745 /* LoginModel.m in Sources */ = {isa = PBXBuildFile; fileRef = 0979D3D920AD875D009E4745 /* LoginModel.m */; };
		0979D40620ADCEFF009E4745 /* HomeListViewController.m in Sources */ = {isa = PBXBuildFile; fileRef = 0979D40520ADCEFF009E4745 /* HomeListViewController.m */; };
		0979D40920ADD700009E4745 /* HomeListModel.m in Sources */ = {isa = PBXBuildFile; fileRef = 0979D40720ADD700009E4745 /* HomeListModel.m */; };
		09A405CB20AD5A51009585B2 /* MainButton.m in Sources */ = {isa = PBXBuildFile; fileRef = 09A405CA20AD5A51009585B2 /* MainButton.m */; };
		09A405CE20AD6569009585B2 /* EditProfileViewController.m in Sources */ = {isa = PBXBuildFile; fileRef = 09A405CD20AD6569009585B2 /* EditProfileViewController.m */; };
		1BCE9C52B12E31BD804F0AE6 /* Pods_honeyKnow.framework in Frameworks */ = {isa = PBXBuildFile; fileRef = 68F621B042D24B55498194C1 /* Pods_honeyKnow.framework */; };
		FDF0FE5220AC20E5001E902D /* AppDelegate.m in Sources */ = {isa = PBXBuildFile; fileRef = FDF0FE5120AC20E5001E902D /* AppDelegate.m */; };
		FDF0FE5820AC20E5001E902D /* Main.storyboard in Resources */ = {isa = PBXBuildFile; fileRef = FDF0FE5620AC20E5001E902D /* Main.storyboard */; };
		FDF0FE5A20AC20E5001E902D /* Assets.xcassets in Resources */ = {isa = PBXBuildFile; fileRef = FDF0FE5920AC20E5001E902D /* Assets.xcassets */; };
		FDF0FE5D20AC20E5001E902D /* LaunchScreen.storyboard in Resources */ = {isa = PBXBuildFile; fileRef = FDF0FE5B20AC20E5001E902D /* LaunchScreen.storyboard */; };
		FDF0FE6020AC20E5001E902D /* main.m in Sources */ = {isa = PBXBuildFile; fileRef = FDF0FE5F20AC20E5001E902D /* main.m */; };
		FDF0FE7C20AE76AB001E902D /* HomeListCell.m in Sources */ = {isa = PBXBuildFile; fileRef = FDF0FE7A20AE76AB001E902D /* HomeListCell.m */; };
		FDF0FE7D20AE76AB001E902D /* HomeListCell.xib in Resources */ = {isa = PBXBuildFile; fileRef = FDF0FE7B20AE76AB001E902D /* HomeListCell.xib */; };
		FDF0FE8020AE7FFF001E902D /* UIView+Extension.m in Sources */ = {isa = PBXBuildFile; fileRef = FDF0FE7F20AE7FFF001E902D /* UIView+Extension.m */; };
		FDF0FE8320AEA8C9001E902D /* SearchTextField.m in Sources */ = {isa = PBXBuildFile; fileRef = FDF0FE8220AEA8C8001E902D /* SearchTextField.m */; };
		FDF0FEA320AEBADD001E902D /* HomeListSearchViewController.m in Sources */ = {isa = PBXBuildFile; fileRef = FDF0FEA220AEBADD001E902D /* HomeListSearchViewController.m */; };
		FDF0FEA720AEC085001E902D /* HomeListSerachCell.m in Sources */ = {isa = PBXBuildFile; fileRef = FDF0FEA520AEC085001E902D /* HomeListSerachCell.m */; };
		FDF0FEA820AEC085001E902D /* HomeListSerachCell.xib in Resources */ = {isa = PBXBuildFile; fileRef = FDF0FEA620AEC085001E902D /* HomeListSerachCell.xib */; };
		FDF0FEAE20AED039001E902D /* DiscoverViewController.m in Sources */ = {isa = PBXBuildFile; fileRef = FDF0FEAD20AED039001E902D /* DiscoverViewController.m */; };
		FDF0FEB120AED04F001E902D /* DiscoverListModel.m in Sources */ = {isa = PBXBuildFile; fileRef = FDF0FEB020AED04F001E902D /* DiscoverListModel.m */; };
		FDF0FEB520AED392001E902D /* DiscoverListCell.m in Sources */ = {isa = PBXBuildFile; fileRef = FDF0FEB320AED392001E902D /* DiscoverListCell.m */; };
		FDF0FEB620AED392001E902D /* DiscoverListCell.xib in Resources */ = {isa = PBXBuildFile; fileRef = FDF0FEB420AED392001E902D /* DiscoverListCell.xib */; };
		FDF0FEB920AED8B6001E902D /* DiscoverListViewController.m in Sources */ = {isa = PBXBuildFile; fileRef = FDF0FEB820AED8B6001E902D /* DiscoverListViewController.m */; };
/* End PBXBuildFile section */

/* Begin PBXFileReference section */
		090085C020AD3740003BF4A7 /* SplashViewController.m */ = {isa = PBXFileReference; fileEncoding = 4; lastKnownFileType = sourcecode.c.objc; path = SplashViewController.m; sourceTree = "<group>"; };
		090085C120AD3740003BF4A7 /* SplashViewController.h */ = {isa = PBXFileReference; fileEncoding = 4; lastKnownFileType = sourcecode.c.h; path = SplashViewController.h; sourceTree = "<group>"; };
		090085C320AD3763003BF4A7 /* LoginViewController.h */ = {isa = PBXFileReference; lastKnownFileType = sourcecode.c.h; path = LoginViewController.h; sourceTree = "<group>"; };
		090085C420AD3763003BF4A7 /* LoginViewController.m */ = {isa = PBXFileReference; lastKnownFileType = sourcecode.c.objc; path = LoginViewController.m; sourceTree = "<group>"; };
		090085C820AD3822003BF4A7 /* BaseModel.h */ = {isa = PBXFileReference; fileEncoding = 4; lastKnownFileType = sourcecode.c.h; path = BaseModel.h; sourceTree = "<group>"; };
		090085C920AD3822003BF4A7 /* BaseModel.m */ = {isa = PBXFileReference; fileEncoding = 4; lastKnownFileType = sourcecode.c.objc; path = BaseModel.m; sourceTree = "<group>"; };
		090085CA20AD3822003BF4A7 /* BaseNavigationViewController.h */ = {isa = PBXFileReference; fileEncoding = 4; lastKnownFileType = sourcecode.c.h; path = BaseNavigationViewController.h; sourceTree = "<group>"; };
		090085CB20AD3822003BF4A7 /* BaseNavigationViewController.m */ = {isa = PBXFileReference; fileEncoding = 4; lastKnownFileType = sourcecode.c.objc; path = BaseNavigationViewController.m; sourceTree = "<group>"; };
		090085CC20AD3822003BF4A7 /* BaseSearchViewController.h */ = {isa = PBXFileReference; fileEncoding = 4; lastKnownFileType = sourcecode.c.h; path = BaseSearchViewController.h; sourceTree = "<group>"; };
		090085CD20AD3822003BF4A7 /* BaseSearchViewController.m */ = {isa = PBXFileReference; fileEncoding = 4; lastKnownFileType = sourcecode.c.objc; path = BaseSearchViewController.m; sourceTree = "<group>"; };
		090085CE20AD3822003BF4A7 /* BaseTabBarController.h */ = {isa = PBXFileReference; fileEncoding = 4; lastKnownFileType = sourcecode.c.h; path = BaseTabBarController.h; sourceTree = "<group>"; };
		090085CF20AD3822003BF4A7 /* BaseTabBarController.m */ = {isa = PBXFileReference; fileEncoding = 4; lastKnownFileType = sourcecode.c.objc; path = BaseTabBarController.m; sourceTree = "<group>"; };
		090085D020AD3822003BF4A7 /* BaseViewController.h */ = {isa = PBXFileReference; fileEncoding = 4; lastKnownFileType = sourcecode.c.h; path = BaseViewController.h; sourceTree = "<group>"; };
		090085D120AD3822003BF4A7 /* BaseViewController.m */ = {isa = PBXFileReference; fileEncoding = 4; lastKnownFileType = sourcecode.c.objc; path = BaseViewController.m; sourceTree = "<group>"; };
		090085D320AD3822003BF4A7 /* WTSHttpTool.h */ = {isa = PBXFileReference; fileEncoding = 4; lastKnownFileType = sourcecode.c.h; path = WTSHttpTool.h; sourceTree = "<group>"; };
		090085D420AD3822003BF4A7 /* WTSHttpTool.m */ = {isa = PBXFileReference; fileEncoding = 4; lastKnownFileType = sourcecode.c.objc; path = WTSHttpTool.m; sourceTree = "<group>"; };
		090085D620AD3822003BF4A7 /* Colors.h */ = {isa = PBXFileReference; fileEncoding = 4; lastKnownFileType = sourcecode.c.h; path = Colors.h; sourceTree = "<group>"; };
		090085D720AD3822003BF4A7 /* ControllerApi.h */ = {isa = PBXFileReference; fileEncoding = 4; lastKnownFileType = sourcecode.c.h; path = ControllerApi.h; sourceTree = "<group>"; };
		090085D820AD3822003BF4A7 /* EnumApi.h */ = {isa = PBXFileReference; fileEncoding = 4; lastKnownFileType = sourcecode.c.h; path = EnumApi.h; sourceTree = "<group>"; };
		090085D920AD3822003BF4A7 /* MacroApi.h */ = {isa = PBXFileReference; fileEncoding = 4; lastKnownFileType = sourcecode.c.h; path = MacroApi.h; sourceTree = "<group>"; };
		090085DA20AD3822003BF4A7 /* NotificationApi.h */ = {isa = PBXFileReference; fileEncoding = 4; lastKnownFileType = sourcecode.c.h; path = NotificationApi.h; sourceTree = "<group>"; };
		090085DB20AD3822003BF4A7 /* ToolMacro.h */ = {isa = PBXFileReference; fileEncoding = 4; lastKnownFileType = sourcecode.c.h; path = ToolMacro.h; sourceTree = "<group>"; };
		090085DC20AD3822003BF4A7 /* Urls.h */ = {isa = PBXFileReference; fileEncoding = 4; lastKnownFileType = sourcecode.c.h; path = Urls.h; sourceTree = "<group>"; };
		090085DD20AD3822003BF4A7 /* VendorApi.h */ = {isa = PBXFileReference; fileEncoding = 4; lastKnownFileType = sourcecode.c.h; path = VendorApi.h; sourceTree = "<group>"; };
		090085E520AD3889003BF4A7 /* PrefixHeader.pch */ = {isa = PBXFileReference; lastKnownFileType = sourcecode.c.h; path = PrefixHeader.pch; sourceTree = "<group>"; };
		090085E620AD39B2003BF4A7 /* WTSLog.h */ = {isa = PBXFileReference; fileEncoding = 4; lastKnownFileType = sourcecode.c.h; path = WTSLog.h; sourceTree = "<group>"; };
		090085E720AD39B2003BF4A7 /* WTSLog.m */ = {isa = PBXFileReference; fileEncoding = 4; lastKnownFileType = sourcecode.c.objc; path = WTSLog.m; sourceTree = "<group>"; };
		090085E920AD3A85003BF4A7 /* Colours.h */ = {isa = PBXFileReference; fileEncoding = 4; lastKnownFileType = sourcecode.c.h; path = Colours.h; sourceTree = "<group>"; };
		090085EA20AD3A86003BF4A7 /* Colours.m */ = {isa = PBXFileReference; fileEncoding = 4; lastKnownFileType = sourcecode.c.objc; path = Colours.m; sourceTree = "<group>"; };
		090085EC20AD3B01003BF4A7 /* CALayer+LayerColor.h */ = {isa = PBXFileReference; fileEncoding = 4; lastKnownFileType = sourcecode.c.h; path = "CALayer+LayerColor.h"; sourceTree = "<group>"; };
		090085ED20AD3B01003BF4A7 /* NSDate+Util.h */ = {isa = PBXFileReference; fileEncoding = 4; lastKnownFileType = sourcecode.c.h; path = "NSDate+Util.h"; sourceTree = "<group>"; };
		090085EE20AD3B01003BF4A7 /* UIScrollView+EmptyDataSet.h */ = {isa = PBXFileReference; fileEncoding = 4; lastKnownFileType = sourcecode.c.h; path = "UIScrollView+EmptyDataSet.h"; sourceTree = "<group>"; };
		090085EF20AD3B01003BF4A7 /* UIScrollView+EmptyDataSet.m */ = {isa = PBXFileReference; fileEncoding = 4; lastKnownFileType = sourcecode.c.objc; path = "UIScrollView+EmptyDataSet.m"; sourceTree = "<group>"; };
		090085F020AD3B01003BF4A7 /* CALayer+LayerColor.m */ = {isa = PBXFileReference; fileEncoding = 4; lastKnownFileType = sourcecode.c.objc; path = "CALayer+LayerColor.m"; sourceTree = "<group>"; };
		090085F120AD3B01003BF4A7 /* NullSafe.m */ = {isa = PBXFileReference; fileEncoding = 4; lastKnownFileType = sourcecode.c.objc; path = NullSafe.m; sourceTree = "<group>"; };
		090085F220AD3B01003BF4A7 /* NSDate+Util.m */ = {isa = PBXFileReference; fileEncoding = 4; lastKnownFileType = sourcecode.c.objc; path = "NSDate+Util.m"; sourceTree = "<group>"; };
		090085F720AD4284003BF4A7 /* HomeViewController.h */ = {isa = PBXFileReference; lastKnownFileType = sourcecode.c.h; path = HomeViewController.h; sourceTree = "<group>"; };
		090085F820AD4284003BF4A7 /* HomeViewController.m */ = {isa = PBXFileReference; lastKnownFileType = sourcecode.c.objc; path = HomeViewController.m; sourceTree = "<group>"; };
		090085FD20AD42A1003BF4A7 /* MessageViewController.h */ = {isa = PBXFileReference; lastKnownFileType = sourcecode.c.h; path = MessageViewController.h; sourceTree = "<group>"; };
		090085FE20AD42A1003BF4A7 /* MessageViewController.m */ = {isa = PBXFileReference; lastKnownFileType = sourcecode.c.objc; path = MessageViewController.m; sourceTree = "<group>"; };
		0900860020AD42AD003BF4A7 /* MineViewController.h */ = {isa = PBXFileReference; lastKnownFileType = sourcecode.c.h; path = MineViewController.h; sourceTree = "<group>"; };
		0900860120AD42AD003BF4A7 /* MineViewController.m */ = {isa = PBXFileReference; lastKnownFileType = sourcecode.c.objc; path = MineViewController.m; sourceTree = "<group>"; };
		0900862C20AD4AD7003BF4A7 /* LoginSelectViewController.h */ = {isa = PBXFileReference; lastKnownFileType = sourcecode.c.h; path = LoginSelectViewController.h; sourceTree = "<group>"; };
		0900862D20AD4AD7003BF4A7 /* LoginSelectViewController.m */ = {isa = PBXFileReference; lastKnownFileType = sourcecode.c.objc; path = LoginSelectViewController.m; sourceTree = "<group>"; };
		0900862F20AD553C003BF4A7 /* LoginTextField.h */ = {isa = PBXFileReference; fileEncoding = 4; lastKnownFileType = sourcecode.c.h; path = LoginTextField.h; sourceTree = "<group>"; };
		0900863020AD553C003BF4A7 /* LoginTextField.m */ = {isa = PBXFileReference; fileEncoding = 4; lastKnownFileType = sourcecode.c.objc; path = LoginTextField.m; sourceTree = "<group>"; };
		0979D3D820AD875D009E4745 /* LoginModel.h */ = {isa = PBXFileReference; lastKnownFileType = sourcecode.c.h; path = LoginModel.h; sourceTree = "<group>"; };
		0979D3D920AD875D009E4745 /* LoginModel.m */ = {isa = PBXFileReference; lastKnownFileType = sourcecode.c.objc; path = LoginModel.m; sourceTree = "<group>"; };
		0979D40420ADCEFF009E4745 /* HomeListViewController.h */ = {isa = PBXFileReference; lastKnownFileType = sourcecode.c.h; path = HomeListViewController.h; sourceTree = "<group>"; };
		0979D40520ADCEFF009E4745 /* HomeListViewController.m */ = {isa = PBXFileReference; lastKnownFileType = sourcecode.c.objc; path = HomeListViewController.m; sourceTree = "<group>"; };
		0979D40720ADD700009E4745 /* HomeListModel.m */ = {isa = PBXFileReference; fileEncoding = 4; lastKnownFileType = sourcecode.c.objc; path = HomeListModel.m; sourceTree = "<group>"; };
		0979D40820ADD700009E4745 /* HomeListModel.h */ = {isa = PBXFileReference; fileEncoding = 4; lastKnownFileType = sourcecode.c.h; path = HomeListModel.h; sourceTree = "<group>"; };
		09A405C920AD5A51009585B2 /* MainButton.h */ = {isa = PBXFileReference; lastKnownFileType = sourcecode.c.h; path = MainButton.h; sourceTree = "<group>"; };
		09A405CA20AD5A51009585B2 /* MainButton.m */ = {isa = PBXFileReference; lastKnownFileType = sourcecode.c.objc; path = MainButton.m; sourceTree = "<group>"; };
		09A405CC20AD6569009585B2 /* EditProfileViewController.h */ = {isa = PBXFileReference; lastKnownFileType = sourcecode.c.h; path = EditProfileViewController.h; sourceTree = "<group>"; };
		09A405CD20AD6569009585B2 /* EditProfileViewController.m */ = {isa = PBXFileReference; lastKnownFileType = sourcecode.c.objc; path = EditProfileViewController.m; sourceTree = "<group>"; };
		68F621B042D24B55498194C1 /* Pods_honeyKnow.framework */ = {isa = PBXFileReference; explicitFileType = wrapper.framework; includeInIndex = 0; path = Pods_honeyKnow.framework; sourceTree = BUILT_PRODUCTS_DIR; };
		7210AB59C2DC271D0170D56D /* Pods-honeyKnow.release.xcconfig */ = {isa = PBXFileReference; includeInIndex = 1; lastKnownFileType = text.xcconfig; name = "Pods-honeyKnow.release.xcconfig"; path = "Pods/Target Support Files/Pods-honeyKnow/Pods-honeyKnow.release.xcconfig"; sourceTree = "<group>"; };
		A13A149F0A5CF96AF3456D28 /* Pods-honeyKnow.debug.xcconfig */ = {isa = PBXFileReference; includeInIndex = 1; lastKnownFileType = text.xcconfig; name = "Pods-honeyKnow.debug.xcconfig"; path = "Pods/Target Support Files/Pods-honeyKnow/Pods-honeyKnow.debug.xcconfig"; sourceTree = "<group>"; };
		FDF0FE4D20AC20E5001E902D /* honeyKnow.app */ = {isa = PBXFileReference; explicitFileType = wrapper.application; includeInIndex = 0; path = honeyKnow.app; sourceTree = BUILT_PRODUCTS_DIR; };
		FDF0FE5020AC20E5001E902D /* AppDelegate.h */ = {isa = PBXFileReference; lastKnownFileType = sourcecode.c.h; path = AppDelegate.h; sourceTree = "<group>"; };
		FDF0FE5120AC20E5001E902D /* AppDelegate.m */ = {isa = PBXFileReference; lastKnownFileType = sourcecode.c.objc; path = AppDelegate.m; sourceTree = "<group>"; };
		FDF0FE5720AC20E5001E902D /* Base */ = {isa = PBXFileReference; lastKnownFileType = file.storyboard; name = Base; path = Base.lproj/Main.storyboard; sourceTree = "<group>"; };
		FDF0FE5920AC20E5001E902D /* Assets.xcassets */ = {isa = PBXFileReference; lastKnownFileType = folder.assetcatalog; path = Assets.xcassets; sourceTree = "<group>"; };
		FDF0FE5C20AC20E5001E902D /* Base */ = {isa = PBXFileReference; lastKnownFileType = file.storyboard; name = Base; path = Base.lproj/LaunchScreen.storyboard; sourceTree = "<group>"; };
		FDF0FE5E20AC20E5001E902D /* Info.plist */ = {isa = PBXFileReference; lastKnownFileType = text.plist.xml; path = Info.plist; sourceTree = "<group>"; };
		FDF0FE5F20AC20E5001E902D /* main.m */ = {isa = PBXFileReference; lastKnownFileType = sourcecode.c.objc; path = main.m; sourceTree = "<group>"; };
		FDF0FE7920AE76AB001E902D /* HomeListCell.h */ = {isa = PBXFileReference; lastKnownFileType = sourcecode.c.h; path = HomeListCell.h; sourceTree = "<group>"; };
		FDF0FE7A20AE76AB001E902D /* HomeListCell.m */ = {isa = PBXFileReference; lastKnownFileType = sourcecode.c.objc; path = HomeListCell.m; sourceTree = "<group>"; };
		FDF0FE7B20AE76AB001E902D /* HomeListCell.xib */ = {isa = PBXFileReference; lastKnownFileType = file.xib; path = HomeListCell.xib; sourceTree = "<group>"; };
		FDF0FE7E20AE7FFF001E902D /* UIView+Extension.h */ = {isa = PBXFileReference; fileEncoding = 4; lastKnownFileType = sourcecode.c.h; path = "UIView+Extension.h"; sourceTree = "<group>"; };
		FDF0FE7F20AE7FFF001E902D /* UIView+Extension.m */ = {isa = PBXFileReference; fileEncoding = 4; lastKnownFileType = sourcecode.c.objc; path = "UIView+Extension.m"; sourceTree = "<group>"; };
		FDF0FE8120AEA8C8001E902D /* SearchTextField.h */ = {isa = PBXFileReference; fileEncoding = 4; lastKnownFileType = sourcecode.c.h; path = SearchTextField.h; sourceTree = "<group>"; };
		FDF0FE8220AEA8C8001E902D /* SearchTextField.m */ = {isa = PBXFileReference; fileEncoding = 4; lastKnownFileType = sourcecode.c.objc; path = SearchTextField.m; sourceTree = "<group>"; };
		FDF0FEA120AEBADD001E902D /* HomeListSearchViewController.h */ = {isa = PBXFileReference; lastKnownFileType = sourcecode.c.h; path = HomeListSearchViewController.h; sourceTree = "<group>"; };
		FDF0FEA220AEBADD001E902D /* HomeListSearchViewController.m */ = {isa = PBXFileReference; lastKnownFileType = sourcecode.c.objc; path = HomeListSearchViewController.m; sourceTree = "<group>"; };
		FDF0FEA420AEC085001E902D /* HomeListSerachCell.h */ = {isa = PBXFileReference; lastKnownFileType = sourcecode.c.h; path = HomeListSerachCell.h; sourceTree = "<group>"; };
		FDF0FEA520AEC085001E902D /* HomeListSerachCell.m */ = {isa = PBXFileReference; lastKnownFileType = sourcecode.c.objc; path = HomeListSerachCell.m; sourceTree = "<group>"; };
		FDF0FEA620AEC085001E902D /* HomeListSerachCell.xib */ = {isa = PBXFileReference; lastKnownFileType = file.xib; path = HomeListSerachCell.xib; sourceTree = "<group>"; };
		FDF0FEAC20AED039001E902D /* DiscoverViewController.h */ = {isa = PBXFileReference; fileEncoding = 4; lastKnownFileType = sourcecode.c.h; path = DiscoverViewController.h; sourceTree = "<group>"; };
		FDF0FEAD20AED039001E902D /* DiscoverViewController.m */ = {isa = PBXFileReference; fileEncoding = 4; lastKnownFileType = sourcecode.c.objc; path = DiscoverViewController.m; sourceTree = "<group>"; };
		FDF0FEAF20AED04F001E902D /* DiscoverListModel.h */ = {isa = PBXFileReference; lastKnownFileType = sourcecode.c.h; path = DiscoverListModel.h; sourceTree = "<group>"; };
		FDF0FEB020AED04F001E902D /* DiscoverListModel.m */ = {isa = PBXFileReference; lastKnownFileType = sourcecode.c.objc; path = DiscoverListModel.m; sourceTree = "<group>"; };
		FDF0FEB220AED392001E902D /* DiscoverListCell.h */ = {isa = PBXFileReference; lastKnownFileType = sourcecode.c.h; path = DiscoverListCell.h; sourceTree = "<group>"; };
		FDF0FEB320AED392001E902D /* DiscoverListCell.m */ = {isa = PBXFileReference; lastKnownFileType = sourcecode.c.objc; path = DiscoverListCell.m; sourceTree = "<group>"; };
		FDF0FEB420AED392001E902D /* DiscoverListCell.xib */ = {isa = PBXFileReference; lastKnownFileType = file.xib; path = DiscoverListCell.xib; sourceTree = "<group>"; };
		FDF0FEB720AED8B6001E902D /* DiscoverListViewController.h */ = {isa = PBXFileReference; lastKnownFileType = sourcecode.c.h; path = DiscoverListViewController.h; sourceTree = "<group>"; };
		FDF0FEB820AED8B6001E902D /* DiscoverListViewController.m */ = {isa = PBXFileReference; lastKnownFileType = sourcecode.c.objc; path = DiscoverListViewController.m; sourceTree = "<group>"; };
/* End PBXFileReference section */

/* Begin PBXFrameworksBuildPhase section */
		FDF0FE4A20AC20E5001E902D /* Frameworks */ = {
			isa = PBXFrameworksBuildPhase;
			buildActionMask = 2147483647;
			files = (
				1BCE9C52B12E31BD804F0AE6 /* Pods_honeyKnow.framework in Frameworks */,
			);
			runOnlyForDeploymentPostprocessing = 0;
		};
/* End PBXFrameworksBuildPhase section */

/* Begin PBXGroup section */
		090085A520AD36CF003BF4A7 /* Classes */ = {
			isa = PBXGroup;
			children = (
				FDF0FE7720AE7634001E902D /* 3third */,
				FDF0FE7620AE7634001E902D /* Tools */,
				090085A720AD36CF003BF4A7 /* Categroies */,
				090085A820AD36CF003BF4A7 /* Managers */,
				090085A920AD36CF003BF4A7 /* MVC */,
				090085BF20AD36CF003BF4A7 /* Utils */,
			);
			path = Classes;
			sourceTree = "<group>";
		};
		090085A720AD36CF003BF4A7 /* Categroies */ = {
			isa = PBXGroup;
			children = (
				FDF0FE7E20AE7FFF001E902D /* UIView+Extension.h */,
				FDF0FE7F20AE7FFF001E902D /* UIView+Extension.m */,
				090085EC20AD3B01003BF4A7 /* CALayer+LayerColor.h */,
				090085F020AD3B01003BF4A7 /* CALayer+LayerColor.m */,
				090085ED20AD3B01003BF4A7 /* NSDate+Util.h */,
				090085F220AD3B01003BF4A7 /* NSDate+Util.m */,
				090085F120AD3B01003BF4A7 /* NullSafe.m */,
				090085EE20AD3B01003BF4A7 /* UIScrollView+EmptyDataSet.h */,
				090085EF20AD3B01003BF4A7 /* UIScrollView+EmptyDataSet.m */,
			);
			path = Categroies;
			sourceTree = "<group>";
		};
		090085A820AD36CF003BF4A7 /* Managers */ = {
			isa = PBXGroup;
			children = (
				090085C720AD3822003BF4A7 /* Base */,
				090085D520AD3822003BF4A7 /* Marco */,
				090085D220AD3822003BF4A7 /* Network */,
				090085DE20AD3822003BF4A7 /* Store */,
				090085C620AD3822003BF4A7 /* SysService */,
			);
			path = Managers;
			sourceTree = "<group>";
		};
		090085A920AD36CF003BF4A7 /* MVC */ = {
			isa = PBXGroup;
			children = (
				090085AA20AD36CF003BF4A7 /* Discover */,
				090085AE20AD36CF003BF4A7 /* Home */,
				090085B220AD36CF003BF4A7 /* Login */,
				090085B620AD36CF003BF4A7 /* Message */,
				090085BA20AD36CF003BF4A7 /* Mine */,
			);
			path = MVC;
			sourceTree = "<group>";
		};
		090085AA20AD36CF003BF4A7 /* Discover */ = {
			isa = PBXGroup;
			children = (
				FDF0FEAB20AED039001E902D /* Controllers */,
				FDF0FEAA20AED039001E902D /* Models */,
				FDF0FEA920AED039001E902D /* Views */,
			);
			path = Discover;
			sourceTree = "<group>";
		};
		090085AE20AD36CF003BF4A7 /* Home */ = {
			isa = PBXGroup;
			children = (
				090085AF20AD36CF003BF4A7 /* Controllers */,
				FDF0FE7820AE767F001E902D /* Views */,
				090085B020AD36CF003BF4A7 /* Models */,
			);
			path = Home;
			sourceTree = "<group>";
		};
		090085AF20AD36CF003BF4A7 /* Controllers */ = {
			isa = PBXGroup;
			children = (
				090085F720AD4284003BF4A7 /* HomeViewController.h */,
				090085F820AD4284003BF4A7 /* HomeViewController.m */,
				0979D40420ADCEFF009E4745 /* HomeListViewController.h */,
				0979D40520ADCEFF009E4745 /* HomeListViewController.m */,
				FDF0FEA120AEBADD001E902D /* HomeListSearchViewController.h */,
				FDF0FEA220AEBADD001E902D /* HomeListSearchViewController.m */,
			);
			path = Controllers;
			sourceTree = "<group>";
		};
		090085B020AD36CF003BF4A7 /* Models */ = {
			isa = PBXGroup;
			children = (
				FDF0FE8120AEA8C8001E902D /* SearchTextField.h */,
				FDF0FE8220AEA8C8001E902D /* SearchTextField.m */,
				0979D40820ADD700009E4745 /* HomeListModel.h */,
				0979D40720ADD700009E4745 /* HomeListModel.m */,
			);
			path = Models;
			sourceTree = "<group>";
		};
		090085B220AD36CF003BF4A7 /* Login */ = {
			isa = PBXGroup;
			children = (
				090085B320AD36CF003BF4A7 /* Controllers */,
				090085B420AD36CF003BF4A7 /* Models */,
				090085B520AD36CF003BF4A7 /* Views */,
			);
			path = Login;
			sourceTree = "<group>";
		};
		090085B320AD36CF003BF4A7 /* Controllers */ = {
			isa = PBXGroup;
			children = (
				090085C120AD3740003BF4A7 /* SplashViewController.h */,
				090085C020AD3740003BF4A7 /* SplashViewController.m */,
				090085C320AD3763003BF4A7 /* LoginViewController.h */,
				090085C420AD3763003BF4A7 /* LoginViewController.m */,
				0900862C20AD4AD7003BF4A7 /* LoginSelectViewController.h */,
				0900862D20AD4AD7003BF4A7 /* LoginSelectViewController.m */,
			);
			path = Controllers;
			sourceTree = "<group>";
		};
		090085B420AD36CF003BF4A7 /* Models */ = {
			isa = PBXGroup;
			children = (
				0979D3D820AD875D009E4745 /* LoginModel.h */,
				0979D3D920AD875D009E4745 /* LoginModel.m */,
			);
			path = Models;
			sourceTree = "<group>";
		};
		090085B520AD36CF003BF4A7 /* Views */ = {
			isa = PBXGroup;
			children = (
				0900862F20AD553C003BF4A7 /* LoginTextField.h */,
				0900863020AD553C003BF4A7 /* LoginTextField.m */,
			);
			path = Views;
			sourceTree = "<group>";
		};
		090085B620AD36CF003BF4A7 /* Message */ = {
			isa = PBXGroup;
			children = (
				090085B720AD36CF003BF4A7 /* Controllers */,
				090085B820AD36CF003BF4A7 /* Models */,
				090085B920AD36CF003BF4A7 /* Views */,
			);
			path = Message;
			sourceTree = "<group>";
		};
		090085B720AD36CF003BF4A7 /* Controllers */ = {
			isa = PBXGroup;
			children = (
				090085FD20AD42A1003BF4A7 /* MessageViewController.h */,
				090085FE20AD42A1003BF4A7 /* MessageViewController.m */,
			);
			path = Controllers;
			sourceTree = "<group>";
		};
		090085B820AD36CF003BF4A7 /* Models */ = {
			isa = PBXGroup;
			children = (
			);
			path = Models;
			sourceTree = "<group>";
		};
		090085B920AD36CF003BF4A7 /* Views */ = {
			isa = PBXGroup;
			children = (
			);
			path = Views;
			sourceTree = "<group>";
		};
		090085BA20AD36CF003BF4A7 /* Mine */ = {
			isa = PBXGroup;
			children = (
				090085BB20AD36CF003BF4A7 /* Controllers */,
				090085BC20AD36CF003BF4A7 /* Models */,
				090085BD20AD36CF003BF4A7 /* Views */,
			);
			path = Mine;
			sourceTree = "<group>";
		};
		090085BB20AD36CF003BF4A7 /* Controllers */ = {
			isa = PBXGroup;
			children = (
				0900860020AD42AD003BF4A7 /* MineViewController.h */,
				0900860120AD42AD003BF4A7 /* MineViewController.m */,
				09A405CC20AD6569009585B2 /* EditProfileViewController.h */,
				09A405CD20AD6569009585B2 /* EditProfileViewController.m */,
			);
			path = Controllers;
			sourceTree = "<group>";
		};
		090085BC20AD36CF003BF4A7 /* Models */ = {
			isa = PBXGroup;
			children = (
			);
			path = Models;
			sourceTree = "<group>";
		};
		090085BD20AD36CF003BF4A7 /* Views */ = {
			isa = PBXGroup;
			children = (
			);
			path = Views;
			sourceTree = "<group>";
		};
		090085BF20AD36CF003BF4A7 /* Utils */ = {
			isa = PBXGroup;
			children = (
				090085E920AD3A85003BF4A7 /* Colours.h */,
				090085EA20AD3A86003BF4A7 /* Colours.m */,
				090085E620AD39B2003BF4A7 /* WTSLog.h */,
				090085E720AD39B2003BF4A7 /* WTSLog.m */,
			);
			path = Utils;
			sourceTree = "<group>";
		};
		090085C620AD3822003BF4A7 /* SysService */ = {
			isa = PBXGroup;
			children = (
			);
			path = SysService;
			sourceTree = "<group>";
		};
		090085C720AD3822003BF4A7 /* Base */ = {
			isa = PBXGroup;
			children = (
				090085C820AD3822003BF4A7 /* BaseModel.h */,
				090085C920AD3822003BF4A7 /* BaseModel.m */,
				090085CA20AD3822003BF4A7 /* BaseNavigationViewController.h */,
				090085CB20AD3822003BF4A7 /* BaseNavigationViewController.m */,
				090085CC20AD3822003BF4A7 /* BaseSearchViewController.h */,
				090085CD20AD3822003BF4A7 /* BaseSearchViewController.m */,
				090085CE20AD3822003BF4A7 /* BaseTabBarController.h */,
				090085CF20AD3822003BF4A7 /* BaseTabBarController.m */,
				090085D020AD3822003BF4A7 /* BaseViewController.h */,
				090085D120AD3822003BF4A7 /* BaseViewController.m */,
				09A405C920AD5A51009585B2 /* MainButton.h */,
				09A405CA20AD5A51009585B2 /* MainButton.m */,
			);
			path = Base;
			sourceTree = "<group>";
		};
		090085D220AD3822003BF4A7 /* Network */ = {
			isa = PBXGroup;
			children = (
				090085D320AD3822003BF4A7 /* WTSHttpTool.h */,
				090085D420AD3822003BF4A7 /* WTSHttpTool.m */,
			);
			path = Network;
			sourceTree = "<group>";
		};
		090085D520AD3822003BF4A7 /* Marco */ = {
			isa = PBXGroup;
			children = (
				090085D620AD3822003BF4A7 /* Colors.h */,
				090085D720AD3822003BF4A7 /* ControllerApi.h */,
				090085D820AD3822003BF4A7 /* EnumApi.h */,
				090085D920AD3822003BF4A7 /* MacroApi.h */,
				090085DA20AD3822003BF4A7 /* NotificationApi.h */,
				090085DB20AD3822003BF4A7 /* ToolMacro.h */,
				090085DC20AD3822003BF4A7 /* Urls.h */,
				090085DD20AD3822003BF4A7 /* VendorApi.h */,
			);
			path = Marco;
			sourceTree = "<group>";
		};
		090085DE20AD3822003BF4A7 /* Store */ = {
			isa = PBXGroup;
			children = (
			);
			path = Store;
			sourceTree = "<group>";
		};
		EF4B9956C831F2DE1A933E8E /* Pods */ = {
			isa = PBXGroup;
			children = (
				A13A149F0A5CF96AF3456D28 /* Pods-honeyKnow.debug.xcconfig */,
				7210AB59C2DC271D0170D56D /* Pods-honeyKnow.release.xcconfig */,
			);
			name = Pods;
			sourceTree = "<group>";
		};
		FDF0FE4420AC20E5001E902D = {
			isa = PBXGroup;
			children = (
				FDF0FE4F20AC20E5001E902D /* honeyKnow */,
				FDF0FE4E20AC20E5001E902D /* Products */,
				EF4B9956C831F2DE1A933E8E /* Pods */,
				FEF1F326D0D5617DB9FE0C2C /* Frameworks */,
			);
			sourceTree = "<group>";
		};
		FDF0FE4E20AC20E5001E902D /* Products */ = {
			isa = PBXGroup;
			children = (
				FDF0FE4D20AC20E5001E902D /* honeyKnow.app */,
			);
			name = Products;
			sourceTree = "<group>";
		};
		FDF0FE4F20AC20E5001E902D /* honeyKnow */ = {
			isa = PBXGroup;
			children = (
				FDF0FE6720AC29FE001E902D /* Application */,
				FDF0FE6920AC2A35001E902D /* InterfaceBuilder */,
				090085A520AD36CF003BF4A7 /* Classes */,
				FDF0FE6A20AC2A59001E902D /* Supporiting Files */,
			);
			path = honeyKnow;
			sourceTree = "<group>";
		};
		FDF0FE6720AC29FE001E902D /* Application */ = {
			isa = PBXGroup;
			children = (
				FDF0FE5020AC20E5001E902D /* AppDelegate.h */,
				FDF0FE5120AC20E5001E902D /* AppDelegate.m */,
			);
			name = Application;
			sourceTree = "<group>";
		};
		FDF0FE6920AC2A35001E902D /* InterfaceBuilder */ = {
			isa = PBXGroup;
			children = (
				FDF0FE5620AC20E5001E902D /* Main.storyboard */,
				FDF0FE5920AC20E5001E902D /* Assets.xcassets */,
				FDF0FE5B20AC20E5001E902D /* LaunchScreen.storyboard */,
			);
			path = InterfaceBuilder;
			sourceTree = "<group>";
		};
		FDF0FE6A20AC2A59001E902D /* Supporiting Files */ = {
			isa = PBXGroup;
			children = (
				FDF0FE5E20AC20E5001E902D /* Info.plist */,
				FDF0FE5F20AC20E5001E902D /* main.m */,
				090085E520AD3889003BF4A7 /* PrefixHeader.pch */,
			);
			name = "Supporiting Files";
			sourceTree = "<group>";
		};
		FDF0FE7620AE7634001E902D /* Tools */ = {
			isa = PBXGroup;
			children = (
			);
			path = Tools;
			sourceTree = "<group>";
		};
		FDF0FE7720AE7634001E902D /* 3third */ = {
			isa = PBXGroup;
			children = (
			);
			path = 3third;
			sourceTree = "<group>";
		};
		FDF0FE7820AE767F001E902D /* Views */ = {
			isa = PBXGroup;
			children = (
				FDF0FE7920AE76AB001E902D /* HomeListCell.h */,
				FDF0FE7A20AE76AB001E902D /* HomeListCell.m */,
				FDF0FE7B20AE76AB001E902D /* HomeListCell.xib */,
				FDF0FEA420AEC085001E902D /* HomeListSerachCell.h */,
				FDF0FEA520AEC085001E902D /* HomeListSerachCell.m */,
				FDF0FEA620AEC085001E902D /* HomeListSerachCell.xib */,
			);
			path = Views;
			sourceTree = "<group>";
		};
		FDF0FEA920AED039001E902D /* Views */ = {
			isa = PBXGroup;
			children = (
				FDF0FEB220AED392001E902D /* DiscoverListCell.h */,
				FDF0FEB320AED392001E902D /* DiscoverListCell.m */,
				FDF0FEB420AED392001E902D /* DiscoverListCell.xib */,
			);
			path = Views;
			sourceTree = "<group>";
		};
		FDF0FEAA20AED039001E902D /* Models */ = {
			isa = PBXGroup;
			children = (
				FDF0FEAF20AED04F001E902D /* DiscoverListModel.h */,
				FDF0FEB020AED04F001E902D /* DiscoverListModel.m */,
			);
			path = Models;
			sourceTree = "<group>";
		};
		FDF0FEAB20AED039001E902D /* Controllers */ = {
			isa = PBXGroup;
			children = (
				FDF0FEAC20AED039001E902D /* DiscoverViewController.h */,
				FDF0FEAD20AED039001E902D /* DiscoverViewController.m */,
				FDF0FEB720AED8B6001E902D /* DiscoverListViewController.h */,
				FDF0FEB820AED8B6001E902D /* DiscoverListViewController.m */,
			);
			path = Controllers;
			sourceTree = "<group>";
		};
		FEF1F326D0D5617DB9FE0C2C /* Frameworks */ = {
			isa = PBXGroup;
			children = (
				68F621B042D24B55498194C1 /* Pods_honeyKnow.framework */,
			);
			name = Frameworks;
			sourceTree = "<group>";
		};
/* End PBXGroup section */

/* Begin PBXNativeTarget section */
		FDF0FE4C20AC20E5001E902D /* honeyKnow */ = {
			isa = PBXNativeTarget;
			buildConfigurationList = FDF0FE6320AC20E5001E902D /* Build configuration list for PBXNativeTarget "honeyKnow" */;
			buildPhases = (
				D35629FAD5B6F22B1ECFF519 /* [CP] Check Pods Manifest.lock */,
				FDF0FE4920AC20E5001E902D /* Sources */,
				FDF0FE4A20AC20E5001E902D /* Frameworks */,
				FDF0FE4B20AC20E5001E902D /* Resources */,
				F6BCD1687CD1029B5BB9BEC4 /* [CP] Embed Pods Frameworks */,
				798571163874F3FFB3DAF83E /* [CP] Copy Pods Resources */,
			);
			buildRules = (
			);
			dependencies = (
			);
			name = honeyKnow;
			productName = honeyKnow;
			productReference = FDF0FE4D20AC20E5001E902D /* honeyKnow.app */;
			productType = "com.apple.product-type.application";
		};
/* End PBXNativeTarget section */

/* Begin PBXProject section */
		FDF0FE4520AC20E5001E902D /* Project object */ = {
			isa = PBXProject;
			attributes = {
				LastUpgradeCheck = 0920;
				ORGANIZATIONNAME = AlbertWei;
				TargetAttributes = {
					FDF0FE4C20AC20E5001E902D = {
						CreatedOnToolsVersion = 9.2;
						ProvisioningStyle = Automatic;
					};
				};
			};
			buildConfigurationList = FDF0FE4820AC20E5001E902D /* Build configuration list for PBXProject "honeyKnow" */;
			compatibilityVersion = "Xcode 8.0";
			developmentRegion = en;
			hasScannedForEncodings = 0;
			knownRegions = (
				en,
				Base,
			);
			mainGroup = FDF0FE4420AC20E5001E902D;
			productRefGroup = FDF0FE4E20AC20E5001E902D /* Products */;
			projectDirPath = "";
			projectRoot = "";
			targets = (
				FDF0FE4C20AC20E5001E902D /* honeyKnow */,
			);
		};
/* End PBXProject section */

/* Begin PBXResourcesBuildPhase section */
		FDF0FE4B20AC20E5001E902D /* Resources */ = {
			isa = PBXResourcesBuildPhase;
			buildActionMask = 2147483647;
			files = (
				FDF0FE5D20AC20E5001E902D /* LaunchScreen.storyboard in Resources */,
				FDF0FE5A20AC20E5001E902D /* Assets.xcassets in Resources */,
				FDF0FE7D20AE76AB001E902D /* HomeListCell.xib in Resources */,
				FDF0FE5820AC20E5001E902D /* Main.storyboard in Resources */,
				FDF0FEB620AED392001E902D /* DiscoverListCell.xib in Resources */,
				FDF0FEA820AEC085001E902D /* HomeListSerachCell.xib in Resources */,
			);
			runOnlyForDeploymentPostprocessing = 0;
		};
/* End PBXResourcesBuildPhase section */

/* Begin PBXShellScriptBuildPhase section */
		798571163874F3FFB3DAF83E /* [CP] Copy Pods Resources */ = {
			isa = PBXShellScriptBuildPhase;
			buildActionMask = 2147483647;
			files = (
			);
			inputPaths = (
			);
			name = "[CP] Copy Pods Resources";
			outputPaths = (
			);
			runOnlyForDeploymentPostprocessing = 0;
			shellPath = /bin/sh;
			shellScript = "\"${SRCROOT}/Pods/Target Support Files/Pods-honeyKnow/Pods-honeyKnow-resources.sh\"\n";
			showEnvVarsInLog = 0;
		};
		D35629FAD5B6F22B1ECFF519 /* [CP] Check Pods Manifest.lock */ = {
			isa = PBXShellScriptBuildPhase;
			buildActionMask = 2147483647;
			files = (
			);
			inputPaths = (
				"${PODS_PODFILE_DIR_PATH}/Podfile.lock",
				"${PODS_ROOT}/Manifest.lock",
			);
			name = "[CP] Check Pods Manifest.lock";
			outputPaths = (
				"$(DERIVED_FILE_DIR)/Pods-honeyKnow-checkManifestLockResult.txt",
			);
			runOnlyForDeploymentPostprocessing = 0;
			shellPath = /bin/sh;
			shellScript = "diff \"${PODS_PODFILE_DIR_PATH}/Podfile.lock\" \"${PODS_ROOT}/Manifest.lock\" > /dev/null\nif [ $? != 0 ] ; then\n    # print error to STDERR\n    echo \"error: The sandbox is not in sync with the Podfile.lock. Run 'pod install' or update your CocoaPods installation.\" >&2\n    exit 1\nfi\n# This output is used by Xcode 'outputs' to avoid re-running this script phase.\necho \"SUCCESS\" > \"${SCRIPT_OUTPUT_FILE_0}\"\n";
			showEnvVarsInLog = 0;
		};
		F6BCD1687CD1029B5BB9BEC4 /* [CP] Embed Pods Frameworks */ = {
			isa = PBXShellScriptBuildPhase;
			buildActionMask = 2147483647;
			files = (
			);
			inputPaths = (
				"${SRCROOT}/Pods/Target Support Files/Pods-honeyKnow/Pods-honeyKnow-frameworks.sh",
				"${BUILT_PRODUCTS_DIR}/AFNetworking/AFNetworking.framework",
				"${BUILT_PRODUCTS_DIR}/IQKeyboardManager/IQKeyboardManager.framework",
				"${BUILT_PRODUCTS_DIR}/MBProgressHUD/MBProgressHUD.framework",
				"${BUILT_PRODUCTS_DIR}/MJRefresh/MJRefresh.framework",
				"${BUILT_PRODUCTS_DIR}/Masonry/Masonry.framework",
				"${BUILT_PRODUCTS_DIR}/ReactiveObjC/ReactiveObjC.framework",
				"${BUILT_PRODUCTS_DIR}/SDWebImage/SDWebImage.framework",
				"${BUILT_PRODUCTS_DIR}/TZImagePickerController/TZImagePickerController.framework",
				"${BUILT_PRODUCTS_DIR}/Toast/Toast.framework",
				"${BUILT_PRODUCTS_DIR}/YYModel/YYModel.framework",
				"${BUILT_PRODUCTS_DIR}/ZJScrollPageView/ZJScrollPageView.framework",
			);
			name = "[CP] Embed Pods Frameworks";
			outputPaths = (
				"${TARGET_BUILD_DIR}/${FRAMEWORKS_FOLDER_PATH}/AFNetworking.framework",
				"${TARGET_BUILD_DIR}/${FRAMEWORKS_FOLDER_PATH}/IQKeyboardManager.framework",
				"${TARGET_BUILD_DIR}/${FRAMEWORKS_FOLDER_PATH}/MBProgressHUD.framework",
				"${TARGET_BUILD_DIR}/${FRAMEWORKS_FOLDER_PATH}/MJRefresh.framework",
				"${TARGET_BUILD_DIR}/${FRAMEWORKS_FOLDER_PATH}/Masonry.framework",
				"${TARGET_BUILD_DIR}/${FRAMEWORKS_FOLDER_PATH}/ReactiveObjC.framework",
				"${TARGET_BUILD_DIR}/${FRAMEWORKS_FOLDER_PATH}/SDWebImage.framework",
				"${TARGET_BUILD_DIR}/${FRAMEWORKS_FOLDER_PATH}/TZImagePickerController.framework",
				"${TARGET_BUILD_DIR}/${FRAMEWORKS_FOLDER_PATH}/Toast.framework",
				"${TARGET_BUILD_DIR}/${FRAMEWORKS_FOLDER_PATH}/YYModel.framework",
				"${TARGET_BUILD_DIR}/${FRAMEWORKS_FOLDER_PATH}/ZJScrollPageView.framework",
			);
			runOnlyForDeploymentPostprocessing = 0;
			shellPath = /bin/sh;
			shellScript = "\"${SRCROOT}/Pods/Target Support Files/Pods-honeyKnow/Pods-honeyKnow-frameworks.sh\"\n";
			showEnvVarsInLog = 0;
		};
/* End PBXShellScriptBuildPhase section */

/* Begin PBXSourcesBuildPhase section */
		FDF0FE4920AC20E5001E902D /* Sources */ = {
			isa = PBXSourcesBuildPhase;
			buildActionMask = 2147483647;
			files = (
				090085DF20AD3822003BF4A7 /* BaseModel.m in Sources */,
				0979D40620ADCEFF009E4745 /* HomeListViewController.m in Sources */,
				090085E320AD3822003BF4A7 /* BaseViewController.m in Sources */,
				0900862E20AD4AD7003BF4A7 /* LoginSelectViewController.m in Sources */,
				090085F420AD3B01003BF4A7 /* CALayer+LayerColor.m in Sources */,
				090085E020AD3822003BF4A7 /* BaseNavigationViewController.m in Sources */,
				090085F920AD4284003BF4A7 /* HomeViewController.m in Sources */,
				FDF0FEB920AED8B6001E902D /* DiscoverListViewController.m in Sources */,
				090085FF20AD42A1003BF4A7 /* MessageViewController.m in Sources */,
				0900863120AD553C003BF4A7 /* LoginTextField.m in Sources */,
				FDF0FE8020AE7FFF001E902D /* UIView+Extension.m in Sources */,
				FDF0FEA720AEC085001E902D /* HomeListSerachCell.m in Sources */,
				FDF0FEA320AEBADD001E902D /* HomeListSearchViewController.m in Sources */,
				FDF0FEB520AED392001E902D /* DiscoverListCell.m in Sources */,
				FDF0FEB120AED04F001E902D /* DiscoverListModel.m in Sources */,
				FDF0FE7C20AE76AB001E902D /* HomeListCell.m in Sources */,
				090085EB20AD3A86003BF4A7 /* Colours.m in Sources */,
				FDF0FE6020AC20E5001E902D /* main.m in Sources */,
				090085F320AD3B01003BF4A7 /* UIScrollView+EmptyDataSet.m in Sources */,
				090085E220AD3822003BF4A7 /* BaseTabBarController.m in Sources */,
				FDF0FEAE20AED039001E902D /* DiscoverViewController.m in Sources */,
				09A405CB20AD5A51009585B2 /* MainButton.m in Sources */,
				FDF0FE5220AC20E5001E902D /* AppDelegate.m in Sources */,
				0979D40920ADD700009E4745 /* HomeListModel.m in Sources */,
				FDF0FE8320AEA8C9001E902D /* SearchTextField.m in Sources */,
				090085E820AD39B2003BF4A7 /* WTSLog.m in Sources */,
				090085E120AD3822003BF4A7 /* BaseSearchViewController.m in Sources */,
				0900860220AD42AD003BF4A7 /* MineViewController.m in Sources */,
				090085C220AD3740003BF4A7 /* SplashViewController.m in Sources */,
				090085F620AD3B01003BF4A7 /* NSDate+Util.m in Sources */,
				09A405CE20AD6569009585B2 /* EditProfileViewController.m in Sources */,
				090085E420AD3822003BF4A7 /* WTSHttpTool.m in Sources */,
				090085C520AD3763003BF4A7 /* LoginViewController.m in Sources */,
				090085F520AD3B01003BF4A7 /* NullSafe.m in Sources */,
				0979D3DA20AD875D009E4745 /* LoginModel.m in Sources */,
			);
			runOnlyForDeploymentPostprocessing = 0;
		};
/* End PBXSourcesBuildPhase section */

/* Begin PBXVariantGroup section */
		FDF0FE5620AC20E5001E902D /* Main.storyboard */ = {
			isa = PBXVariantGroup;
			children = (
				FDF0FE5720AC20E5001E902D /* Base */,
			);
			name = Main.storyboard;
			sourceTree = "<group>";
		};
		FDF0FE5B20AC20E5001E902D /* LaunchScreen.storyboard */ = {
			isa = PBXVariantGroup;
			children = (
				FDF0FE5C20AC20E5001E902D /* Base */,
			);
			name = LaunchScreen.storyboard;
			sourceTree = "<group>";
		};
/* End PBXVariantGroup section */

/* Begin XCBuildConfiguration section */
		FDF0FE6120AC20E5001E902D /* Debug */ = {
			isa = XCBuildConfiguration;
			buildSettings = {
				ALWAYS_SEARCH_USER_PATHS = NO;
				CLANG_ANALYZER_NONNULL = YES;
				CLANG_ANALYZER_NUMBER_OBJECT_CONVERSION = YES_AGGRESSIVE;
				CLANG_CXX_LANGUAGE_STANDARD = "gnu++14";
				CLANG_CXX_LIBRARY = "libc++";
				CLANG_ENABLE_MODULES = YES;
				CLANG_ENABLE_OBJC_ARC = YES;
				CLANG_WARN_BLOCK_CAPTURE_AUTORELEASING = YES;
				CLANG_WARN_BOOL_CONVERSION = YES;
				CLANG_WARN_COMMA = YES;
				CLANG_WARN_CONSTANT_CONVERSION = YES;
				CLANG_WARN_DIRECT_OBJC_ISA_USAGE = YES_ERROR;
				CLANG_WARN_DOCUMENTATION_COMMENTS = YES;
				CLANG_WARN_EMPTY_BODY = YES;
				CLANG_WARN_ENUM_CONVERSION = YES;
				CLANG_WARN_INFINITE_RECURSION = YES;
				CLANG_WARN_INT_CONVERSION = YES;
				CLANG_WARN_NON_LITERAL_NULL_CONVERSION = YES;
				CLANG_WARN_OBJC_LITERAL_CONVERSION = YES;
				CLANG_WARN_OBJC_ROOT_CLASS = YES_ERROR;
				CLANG_WARN_RANGE_LOOP_ANALYSIS = YES;
				CLANG_WARN_STRICT_PROTOTYPES = YES;
				CLANG_WARN_SUSPICIOUS_MOVE = YES;
				CLANG_WARN_UNGUARDED_AVAILABILITY = YES_AGGRESSIVE;
				CLANG_WARN_UNREACHABLE_CODE = YES;
				CLANG_WARN__DUPLICATE_METHOD_MATCH = YES;
				CODE_SIGN_IDENTITY = "iPhone Developer";
				COPY_PHASE_STRIP = NO;
				DEBUG_INFORMATION_FORMAT = dwarf;
				ENABLE_STRICT_OBJC_MSGSEND = YES;
				ENABLE_TESTABILITY = YES;
				GCC_C_LANGUAGE_STANDARD = gnu11;
				GCC_DYNAMIC_NO_PIC = NO;
				GCC_NO_COMMON_BLOCKS = YES;
				GCC_OPTIMIZATION_LEVEL = 0;
				GCC_PREPROCESSOR_DEFINITIONS = (
					"DEBUG=1",
					"$(inherited)",
				);
				GCC_WARN_64_TO_32_BIT_CONVERSION = YES;
				GCC_WARN_ABOUT_RETURN_TYPE = YES_ERROR;
				GCC_WARN_UNDECLARED_SELECTOR = YES;
				GCC_WARN_UNINITIALIZED_AUTOS = YES_AGGRESSIVE;
				GCC_WARN_UNUSED_FUNCTION = YES;
				GCC_WARN_UNUSED_VARIABLE = YES;
				IPHONEOS_DEPLOYMENT_TARGET = 10.0;
				MTL_ENABLE_DEBUG_INFO = YES;
				ONLY_ACTIVE_ARCH = YES;
				SDKROOT = iphoneos;
			};
			name = Debug;
		};
		FDF0FE6220AC20E5001E902D /* Release */ = {
			isa = XCBuildConfiguration;
			buildSettings = {
				ALWAYS_SEARCH_USER_PATHS = NO;
				CLANG_ANALYZER_NONNULL = YES;
				CLANG_ANALYZER_NUMBER_OBJECT_CONVERSION = YES_AGGRESSIVE;
				CLANG_CXX_LANGUAGE_STANDARD = "gnu++14";
				CLANG_CXX_LIBRARY = "libc++";
				CLANG_ENABLE_MODULES = YES;
				CLANG_ENABLE_OBJC_ARC = YES;
				CLANG_WARN_BLOCK_CAPTURE_AUTORELEASING = YES;
				CLANG_WARN_BOOL_CONVERSION = YES;
				CLANG_WARN_COMMA = YES;
				CLANG_WARN_CONSTANT_CONVERSION = YES;
				CLANG_WARN_DIRECT_OBJC_ISA_USAGE = YES_ERROR;
				CLANG_WARN_DOCUMENTATION_COMMENTS = YES;
				CLANG_WARN_EMPTY_BODY = YES;
				CLANG_WARN_ENUM_CONVERSION = YES;
				CLANG_WARN_INFINITE_RECURSION = YES;
				CLANG_WARN_INT_CONVERSION = YES;
				CLANG_WARN_NON_LITERAL_NULL_CONVERSION = YES;
				CLANG_WARN_OBJC_LITERAL_CONVERSION = YES;
				CLANG_WARN_OBJC_ROOT_CLASS = YES_ERROR;
				CLANG_WARN_RANGE_LOOP_ANALYSIS = YES;
				CLANG_WARN_STRICT_PROTOTYPES = YES;
				CLANG_WARN_SUSPICIOUS_MOVE = YES;
				CLANG_WARN_UNGUARDED_AVAILABILITY = YES_AGGRESSIVE;
				CLANG_WARN_UNREACHABLE_CODE = YES;
				CLANG_WARN__DUPLICATE_METHOD_MATCH = YES;
				CODE_SIGN_IDENTITY = "iPhone Developer";
				COPY_PHASE_STRIP = NO;
				DEBUG_INFORMATION_FORMAT = "dwarf-with-dsym";
				ENABLE_NS_ASSERTIONS = NO;
				ENABLE_STRICT_OBJC_MSGSEND = YES;
				GCC_C_LANGUAGE_STANDARD = gnu11;
				GCC_NO_COMMON_BLOCKS = YES;
				GCC_WARN_64_TO_32_BIT_CONVERSION = YES;
				GCC_WARN_ABOUT_RETURN_TYPE = YES_ERROR;
				GCC_WARN_UNDECLARED_SELECTOR = YES;
				GCC_WARN_UNINITIALIZED_AUTOS = YES_AGGRESSIVE;
				GCC_WARN_UNUSED_FUNCTION = YES;
				GCC_WARN_UNUSED_VARIABLE = YES;
				IPHONEOS_DEPLOYMENT_TARGET = 10.0;
				MTL_ENABLE_DEBUG_INFO = NO;
				SDKROOT = iphoneos;
				VALIDATE_PRODUCT = YES;
			};
			name = Release;
		};
		FDF0FE6420AC20E5001E902D /* Debug */ = {
			isa = XCBuildConfiguration;
			baseConfigurationReference = A13A149F0A5CF96AF3456D28 /* Pods-honeyKnow.debug.xcconfig */;
			buildSettings = {
				ASSETCATALOG_COMPILER_APPICON_NAME = AppIcon;
				CODE_SIGN_STYLE = Automatic;
				DEVELOPMENT_TEAM = 8W7NY9PTY5;
				GCC_PREFIX_HEADER = "$(SRCROOT)/honeyKnow/PrefixHeader.pch";
				INFOPLIST_FILE = honeyKnow/Info.plist;
				IPHONEOS_DEPLOYMENT_TARGET = 10.0;
				LD_RUNPATH_SEARCH_PATHS = "$(inherited) @executable_path/Frameworks";
				PRODUCT_BUNDLE_IDENTIFIER = honey.honeyKnow.com;
				PRODUCT_NAME = "$(TARGET_NAME)";
				TARGETED_DEVICE_FAMILY = 1;
			};
			name = Debug;
		};
		FDF0FE6520AC20E5001E902D /* Release */ = {
			isa = XCBuildConfiguration;
			baseConfigurationReference = 7210AB59C2DC271D0170D56D /* Pods-honeyKnow.release.xcconfig */;
			buildSettings = {
				ASSETCATALOG_COMPILER_APPICON_NAME = AppIcon;
				CODE_SIGN_STYLE = Automatic;
				DEVELOPMENT_TEAM = 8W7NY9PTY5;
				GCC_PREFIX_HEADER = "$(SRCROOT)/honeyKnow/PrefixHeader.pch";
				INFOPLIST_FILE = honeyKnow/Info.plist;
				IPHONEOS_DEPLOYMENT_TARGET = 10.0;
				LD_RUNPATH_SEARCH_PATHS = "$(inherited) @executable_path/Frameworks";
				PRODUCT_BUNDLE_IDENTIFIER = honey.honeyKnow.com;
				PRODUCT_NAME = "$(TARGET_NAME)";
				TARGETED_DEVICE_FAMILY = 1;
			};
			name = Release;
		};
/* End XCBuildConfiguration section */

/* Begin XCConfigurationList section */
		FDF0FE4820AC20E5001E902D /* Build configuration list for PBXProject "honeyKnow" */ = {
			isa = XCConfigurationList;
			buildConfigurations = (
				FDF0FE6120AC20E5001E902D /* Debug */,
				FDF0FE6220AC20E5001E902D /* Release */,
			);
			defaultConfigurationIsVisible = 0;
			defaultConfigurationName = Release;
		};
		FDF0FE6320AC20E5001E902D /* Build configuration list for PBXNativeTarget "honeyKnow" */ = {
			isa = XCConfigurationList;
			buildConfigurations = (
				FDF0FE6420AC20E5001E902D /* Debug */,
				FDF0FE6520AC20E5001E902D /* Release */,
			);
			defaultConfigurationIsVisible = 0;
			defaultConfigurationName = Release;
		};
/* End XCConfigurationList section */
	};
	rootObject = FDF0FE4520AC20E5001E902D /* Project object */;
}
